
Microsoft Visual Studio Solution File, Format Version 12.00
# Visual Studio Version 16
VisualStudioVersion = 16.0.30907.101
MinimumVisualStudioVersion = 10.0.40219.1
Project("{9A19103F-16F7-4668-BE54-9A1E7A4F7556}") = "ProjectWeb", "ProjectWeb\ProjectWeb.csproj", "{033DA839-071E-4E09-B601-2132CCE74256}"
EndProject
Global
	GlobalSection(SolutionConfigurationPlatforms) = preSolution
		Debug|Any CPU = Debug|Any CPU
		Release|Any CPU = Release|Any CPU
	EndGlobalSection
	GlobalSection(ProjectConfigurationPlatforms) = postSolution
		{033DA839-071E-4E09-B601-2132CCE74256}.Debug|Any CPU.ActiveCfg = Debug|Any CPU
		{033DA839-071E-4E09-B601-2132CCE74256}.Debug|Any CPU.Build.0 = Debug|Any CPU
		{033DA839-071E-4E09-B601-2132CCE74256}.Release|Any CPU.ActiveCfg = Release|Any CPU
		{033DA839-071E-4E09-B601-2132CCE74256}.Release|Any CPU.Build.0 = Release|Any CPU
	EndGlobalSection
	GlobalSection(SolutionProperties) = preSolution
		HideSolutionNode = FALSE
	EndGlobalSection
	GlobalSection(ExtensibilityGlobals) = postSolution
		SolutionGuid = {7593394A-710C-4913-9B59-DA7D94006BBA}
	EndGlobalSection
EndGlobal
